
Microsoft Visual Studio Solution File, Format Version 12.00
# Visual Studio Version 16
VisualStudioVersion = 16.0.30104.148
MinimumVisualStudioVersion = 10.0.40219.1
Project("{FAE04EC0-301F-11D3-BF4B-00C04F79EFBC}") = "ImplicitTyping", "ImplicitTyping\ImplicitTyping.csproj", "{9EF62C28-BAA3-4287-A107-A1D37FC88986}"
EndProject
Global
	GlobalSection(SolutionConfigurationPlatforms) = preSolution
		Debug|Any CPU = Debug|Any CPU
		Release|Any CPU = Release|Any CPU
	EndGlobalSection
	GlobalSection(ProjectConfigurationPlatforms) = postSolution
		{9EF62C28-BAA3-4287-A107-A1D37FC88986}.Debug|Any CPU.ActiveCfg = Debug|Any CPU
		{9EF62C28-BAA3-4287-A107-A1D37FC88986}.Debug|Any CPU.Build.0 = Debug|Any CPU
		{9EF62C28-BAA3-4287-A107-A1D37FC88986}.Release|Any CPU.ActiveCfg = Release|Any CPU
		{9EF62C28-BAA3-4287-A107-A1D37FC88986}.Release|Any CPU.Build.0 = Release|Any CPU
	EndGlobalSection
	GlobalSection(SolutionProperties) = preSolution
		HideSolutionNode = FALSE
	EndGlobalSection
	GlobalSection(ExtensibilityGlobals) = postSolution
		SolutionGuid = {42503072-922C-4D3D-BB0C-A74B7D0E68CF}
	EndGlobalSection
EndGlobal
