
Microsoft Visual Studio Solution File, Format Version 12.00
# Visual Studio Version 16
VisualStudioVersion = 16.0.30907.101
MinimumVisualStudioVersion = 10.0.40219.1
Project("{FAE04EC0-301F-11D3-BF4B-00C04F79EFBC}") = "Generics 1", "Generics 1\Generics 1.csproj", "{910B919F-2789-4AC1-B57F-B3657BD99DCF}"
EndProject
Global
	GlobalSection(SolutionConfigurationPlatforms) = preSolution
		Debug|Any CPU = Debug|Any CPU
		Release|Any CPU = Release|Any CPU
	EndGlobalSection
	GlobalSection(ProjectConfigurationPlatforms) = postSolution
		{910B919F-2789-4AC1-B57F-B3657BD99DCF}.Debug|Any CPU.ActiveCfg = Debug|Any CPU
		{910B919F-2789-4AC1-B57F-B3657BD99DCF}.Debug|Any CPU.Build.0 = Debug|Any CPU
		{910B919F-2789-4AC1-B57F-B3657BD99DCF}.Release|Any CPU.ActiveCfg = Release|Any CPU
		{910B919F-2789-4AC1-B57F-B3657BD99DCF}.Release|Any CPU.Build.0 = Release|Any CPU
	EndGlobalSection
	GlobalSection(SolutionProperties) = preSolution
		HideSolutionNode = FALSE
	EndGlobalSection
	GlobalSection(ExtensibilityGlobals) = postSolution
		SolutionGuid = {F4BA8998-4A72-4CC4-B56C-996D5412F0CC}
	EndGlobalSection
EndGlobal
